
Microsoft Visual Studio Solution File, Format Version 12.00
# Visual Studio Version 17
VisualStudioVersion = 17.10.35004.147
MinimumVisualStudioVersion = 10.0.40219.1
Project("{FAE04EC0-301F-11D3-BF4B-00C04F79EFBC}") = "SmartGridAPI", "SmartGridAPI\SmartGridAPI.csproj", "{2DE196BA-C714-4AF7-AEC6-BA82761DDFE9}"
EndProject
Global
	GlobalSection(SolutionConfigurationPlatforms) = preSolution
		Debug|Any CPU = Debug|Any CPU
		Release|Any CPU = Release|Any CPU
	EndGlobalSection
	GlobalSection(ProjectConfigurationPlatforms) = postSolution
		{2DE196BA-C714-4AF7-AEC6-BA82761DDFE9}.Debug|Any CPU.ActiveCfg = Debug|Any CPU
		{2DE196BA-C714-4AF7-AEC6-BA82761DDFE9}.Debug|Any CPU.Build.0 = Debug|Any CPU
		{2DE196BA-C714-4AF7-AEC6-BA82761DDFE9}.Release|Any CPU.ActiveCfg = Release|Any CPU
		{2DE196BA-C714-4AF7-AEC6-BA82761DDFE9}.Release|Any CPU.Build.0 = Release|Any CPU
	EndGlobalSection
	GlobalSection(SolutionProperties) = preSolution
		HideSolutionNode = FALSE
	EndGlobalSection
	GlobalSection(ExtensibilityGlobals) = postSolution
		SolutionGuid = {821E1DB8-56D2-4E94-95E6-3D370C908F6B}
	EndGlobalSection
EndGlobal
